
Microsoft Visual Studio Solution File, Format Version 11.00
# Visual Studio 2010
Project("{8BC9CEB8-8B4A-11D0-8D11-00A0C91BC942}") = "build", "build.vcxproj", "{C1CE8EB7-46FF-4C8C-BA56-D39A74DC40BB}"
EndProject
Project("{8BC9CEB8-8B4A-11D0-8D11-00A0C91BC942}") = "fit", "fit.vcxproj", "{C58FA21E-8AC6-48DF-258B-894E1CCA0E08}"
EndProject
Global
	GlobalSection(SolutionConfigurationPlatforms) = preSolution
		Debug|Win32 = Debug|Win32
		Release|Win32 = Release|Win32
		Template|Win32 = Template|Win32
	EndGlobalSection
	GlobalSection(ProjectConfigurationPlatforms) = postSolution
		{C1CE8EB7-46FF-4C8C-BA56-D39A74DC40BB}.Debug|Win32.ActiveCfg = Debug|Win32
		{C1CE8EB7-46FF-4C8C-BA56-D39A74DC40BB}.Debug|Win32.Build.0 = Debug|Win32
		{C1CE8EB7-46FF-4C8C-BA56-D39A74DC40BB}.Release|Win32.ActiveCfg = Release|Win32
		{C1CE8EB7-46FF-4C8C-BA56-D39A74DC40BB}.Release|Win32.Build.0 = Release|Win32
		{C1CE8EB7-46FF-4C8C-BA56-D39A74DC40BB}.Template|Win32.ActiveCfg = Template|Win32
		{C1CE8EB7-46FF-4C8C-BA56-D39A74DC40BB}.Template|Win32.Build.0 = Template|Win32
		{C58FA21E-8AC6-48DF-258B-894E1CCA0E08}.Debug|Win32.ActiveCfg = Debug|Win32
		{C58FA21E-8AC6-48DF-258B-894E1CCA0E08}.Debug|Win32.Build.0 = Debug|Win32
		{C58FA21E-8AC6-48DF-258B-894E1CCA0E08}.Release|Win32.ActiveCfg = Release|Win32
		{C58FA21E-8AC6-48DF-258B-894E1CCA0E08}.Release|Win32.Build.0 = Release|Win32
		{C58FA21E-8AC6-48DF-258B-894E1CCA0E08}.Template|Win32.ActiveCfg = Release|Win32
		{C58FA21E-8AC6-48DF-258B-894E1CCA0E08}.Template|Win32.Build.0 = Release|Win32
	EndGlobalSection
	GlobalSection(SolutionProperties) = preSolution
		HideSolutionNode = FALSE
	EndGlobalSection
EndGlobal
